<?xml version="1.0" encoding="utf-8"?>
<Project ToolsVersion="4.0" xmlns="http://schemas.microsoft.com/developer/msbuild/2003">
  <ItemGroup>
    <Filter Include="소스 파일">
      <UniqueIdentifier>{4FC737F1-C7A5-4376-A066-2A32D752A2FF}</UniqueIdentifier>
      <Extensions>cpp;c;cc;cxx;def;odl;idl;hpj;bat;asm;asmx</Extensions>
    </Filter>
    <Filter Include="헤더 파일">
      <UniqueIdentifier>{93995380-89BD-4b04-88EB-625FBE52EBFB}</UniqueIdentifier>
      <Extensions>h;hpp;hxx;hm;inl;inc;xsd</Extensions>
    </Filter>
    <Filter Include="리소스 파일">
      <UniqueIdentifier>{67DA6AB6-F800-4c08-8B7A-83BB121AAD01}</UniqueIdentifier>
      <Extensions>rc;ico;cur;bmp;dlg;rc2;rct;bin;rgs;gif;jpg;jpeg;jpe;resx;tiff;tif;png;wav;mfcribbon-ms</Extensions>
    </Filter>
  </ItemGroup>
  <ItemGroup>
    <None Include="ReadMe.txt" />
  </ItemGroup>
  <ItemGroup>
    <ClInclude Include="stdafx.h">
      <Filter>헤더 파일</Filter>
    </ClInclude>
    <ClInclude Include="targetver.h">
      <Filter>헤더 파일</Filter>
    </ClInclude>
    <ClInclude Include="..\core\MNArray.h">
      <Filter>헤더 파일</Filter>
    </ClInclude>
    <ClInclude Include="..\core\MNClassBond.h">
      <Filter>헤더 파일</Filter>
    </ClInclude>
    <ClInclude Include="..\core\MNClosure.h">
      <Filter>헤더 파일</Filter>
    </ClInclude>
    <ClInclude Include="..\core\MNCollectable.h">
      <Filter>헤더 파일</Filter>
    </ClInclude>
    <ClInclude Include="..\core\MNCommand.h">
      <Filter>헤더 파일</Filter>
    </ClInclude>
    <ClInclude Include="..\core\MNCompiler.h">
      <Filter>헤더 파일</Filter>
    </ClInclude>
    <ClInclude Include="..\core\MNCountable.h">
      <Filter>헤더 파일</Filter>
    </ClInclude>
    <ClInclude Include="..\core\MNFiber.h">
      <Filter>헤더 파일</Filter>
    </ClInclude>
    <ClInclude Include="..\core\MNFunction.h">
      <Filter>헤더 파일</Filter>
    </ClInclude>
    <ClInclude Include="..\core\MNGlobal.h">
      <Filter>헤더 파일</Filter>
    </ClInclude>
    <ClInclude Include="..\core\MNLexer.h">
      <Filter>헤더 파일</Filter>
    </ClInclude>
    <ClInclude Include="..\core\MNList.h">
      <Filter>헤더 파일</Filter>
    </ClInclude>
    <ClInclude Include="..\core\MNMemory.h">
      <Filter>헤더 파일</Filter>
    </ClInclude>
    <ClInclude Include="..\core\MNObject.h">
      <Filter>헤더 파일</Filter>
    </ClInclude>
    <ClInclude Include="..\core\MNPrimaryType.h">
      <Filter>헤더 파일</Filter>
    </ClInclude>
    <ClInclude Include="..\core\MNReferrer.h">
      <Filter>헤더 파일</Filter>
    </ClInclude>
    <ClInclude Include="..\core\MNRtti.h">
      <Filter>헤더 파일</Filter>
    </ClInclude>
    <ClInclude Include="..\core\MNString.h">
      <Filter>헤더 파일</Filter>
    </ClInclude>
    <ClInclude Include="..\core\MNTable.h">
      <Filter>헤더 파일</Filter>
    </ClInclude>
    <ClInclude Include="..\core\MNUserData.h">
      <Filter>헤더 파일</Filter>
    </ClInclude>
    <ClInclude Include="..\core\MNClass.h">
      <Filter>헤더 파일</Filter>
    </ClInclude>
    <ClInclude Include="..\core\MNInstance.h">
      <Filter>헤더 파일</Filter>
    </ClInclude>
  </ItemGroup>
  <ItemGroup>
    <ClCompile Include="stdafx.cpp">
      <Filter>소스 파일</Filter>
    </ClCompile>
    <ClCompile Include="..\core\MNArray.cpp">
      <Filter>소스 파일</Filter>
    </ClCompile>
    <ClCompile Include="..\core\MNClosure.cpp">
      <Filter>소스 파일</Filter>
    </ClCompile>
    <ClCompile Include="..\core\MNCollectable.cpp">
      <Filter>소스 파일</Filter>
    </ClCompile>
    <ClCompile Include="..\core\MNCommand.cpp">
      <Filter>소스 파일</Filter>
    </ClCompile>
    <ClCompile Include="..\core\MNCompiler.cpp">
      <Filter>소스 파일</Filter>
    </ClCompile>
    <ClCompile Include="..\core\MNCountable.cpp">
      <Filter>소스 파일</Filter>
    </ClCompile>
    <ClCompile Include="..\core\MNFiber.cpp">
      <Filter>소스 파일</Filter>
    </ClCompile>
    <ClCompile Include="..\core\MNFunction.cpp">
      <Filter>소스 파일</Filter>
    </ClCompile>
    <ClCompile Include="..\core\MNGlobal.cpp">
      <Filter>소스 파일</Filter>
    </ClCompile>
    <ClCompile Include="..\core\MNLexer.cpp">
      <Filter>소스 파일</Filter>
    </ClCompile>
    <ClCompile Include="..\core\MNMemory.cpp">
      <Filter>소스 파일</Filter>
    </ClCompile>
    <ClCompile Include="..\core\MNObject.cpp">
      <Filter>소스 파일</Filter>
    </ClCompile>
    <ClCompile Include="..\core\MNPrimaryType.cpp">
      <Filter>소스 파일</Filter>
    </ClCompile>
    <ClCompile Include="..\core\MNReferrer.cpp">
      <Filter>소스 파일</Filter>
    </ClCompile>
    <ClCompile Include="..\core\MNString.cpp">
      <Filter>소스 파일</Filter>
    </ClCompile>
    <ClCompile Include="..\core\MNTable.cpp">
      <Filter>소스 파일</Filter>
    </ClCompile>
    <ClCompile Include="..\core\MNUserData.cpp">
      <Filter>소스 파일</Filter>
    </ClCompile>
    <ClCompile Include="..\app\MiniEngine.cpp">
      <Filter>소스 파일</Filter>
    </ClCompile>
    <ClCompile Include="..\core\MNClass.cpp">
      <Filter>소스 파일</Filter>
    </ClCompile>
    <ClCompile Include="..\core\MNInstance.cpp">
      <Filter>소스 파일</Filter>
    </ClCompile>
  </ItemGroup>
</Project>