
Microsoft Visual Studio Solution File, Format Version 11.00
# Visual Studio 2010
Project("{8BC9CEB8-8B4A-11D0-8D11-00A0C91BC942}") = "mini_engine", "mini_engine.vcxproj", "{9F1BAE1A-2636-4EB5-861B-FF656F018E62}"
EndProject
Global
	GlobalSection(SolutionConfigurationPlatforms) = preSolution
		Debug|Win32 = Debug|Win32
		Release|Win32 = Release|Win32
	EndGlobalSection
	GlobalSection(ProjectConfigurationPlatforms) = postSolution
		{9F1BAE1A-2636-4EB5-861B-FF656F018E62}.Debug|Win32.ActiveCfg = Debug|Win32
		{9F1BAE1A-2636-4EB5-861B-FF656F018E62}.Debug|Win32.Build.0 = Debug|Win32
		{9F1BAE1A-2636-4EB5-861B-FF656F018E62}.Release|Win32.ActiveCfg = Release|Win32
		{9F1BAE1A-2636-4EB5-861B-FF656F018E62}.Release|Win32.Build.0 = Release|Win32
	EndGlobalSection
	GlobalSection(SolutionProperties) = preSolution
		HideSolutionNode = FALSE
	EndGlobalSection
EndGlobal
