// !$*UTF8*$!
{
	archiveVersion = 1;
	classes = {
	};
	objectVersion = 46;
	objects = {

/* Begin PBXBuildFile section */
		BE305C4B1C80F6F200CE3BAA /* MiniEngine.cpp in Sources */ = {isa = PBXBuildFile; fileRef = BE305C1E1C80F6F200CE3BAA /* MiniEngine.cpp */; };
		BE305C4C1C80F6F200CE3BAA /* MNArray.cpp in Sources */ = {isa = PBXBuildFile; fileRef = BE305C201C80F6F200CE3BAA /* MNArray.cpp */; };
		BE305C4D1C80F6F200CE3BAA /* MNBasicLib.cpp in Sources */ = {isa = PBXBuildFile; fileRef = BE305C221C80F6F200CE3BAA /* MNBasicLib.cpp */; };
		BE305C4E1C80F6F200CE3BAA /* MNClass.cpp in Sources */ = {isa = PBXBuildFile; fileRef = BE305C241C80F6F200CE3BAA /* MNClass.cpp */; };
		BE305C4F1C80F6F200CE3BAA /* MNClosure.cpp in Sources */ = {isa = PBXBuildFile; fileRef = BE305C271C80F6F200CE3BAA /* MNClosure.cpp */; };
		BE305C501C80F6F200CE3BAA /* MNCollectable.cpp in Sources */ = {isa = PBXBuildFile; fileRef = BE305C291C80F6F200CE3BAA /* MNCollectable.cpp */; };
		BE305C511C80F6F200CE3BAA /* MNCommand.cpp in Sources */ = {isa = PBXBuildFile; fileRef = BE305C2B1C80F6F200CE3BAA /* MNCommand.cpp */; };
		BE305C521C80F6F200CE3BAA /* MNCompiler.cpp in Sources */ = {isa = PBXBuildFile; fileRef = BE305C2D1C80F6F200CE3BAA /* MNCompiler.cpp */; };
		BE305C531C80F6F200CE3BAA /* MNCountable.cpp in Sources */ = {isa = PBXBuildFile; fileRef = BE305C2F1C80F6F200CE3BAA /* MNCountable.cpp */; };
		BE305C541C80F6F200CE3BAA /* MNFiber.cpp in Sources */ = {isa = PBXBuildFile; fileRef = BE305C311C80F6F200CE3BAA /* MNFiber.cpp */; };
		BE305C551C80F6F200CE3BAA /* MNFunction.cpp in Sources */ = {isa = PBXBuildFile; fileRef = BE305C331C80F6F200CE3BAA /* MNFunction.cpp */; };
		BE305C561C80F6F200CE3BAA /* MNGlobal.cpp in Sources */ = {isa = PBXBuildFile; fileRef = BE305C351C80F6F200CE3BAA /* MNGlobal.cpp */; };
		BE305C571C80F6F200CE3BAA /* MNInstance.cpp in Sources */ = {isa = PBXBuildFile; fileRef = BE305C371C80F6F200CE3BAA /* MNInstance.cpp */; };
		BE305C581C80F6F200CE3BAA /* MNLexer.cpp in Sources */ = {isa = PBXBuildFile; fileRef = BE305C391C80F6F200CE3BAA /* MNLexer.cpp */; };
		BE305C591C80F6F200CE3BAA /* MNMemory.cpp in Sources */ = {isa = PBXBuildFile; fileRef = BE305C3C1C80F6F200CE3BAA /* MNMemory.cpp */; };
		BE305C5A1C80F6F200CE3BAA /* MNObject.cpp in Sources */ = {isa = PBXBuildFile; fileRef = BE305C3E1C80F6F200CE3BAA /* MNObject.cpp */; };
		BE305C5B1C80F6F200CE3BAA /* MNPrimaryType.cpp in Sources */ = {isa = PBXBuildFile; fileRef = BE305C401C80F6F200CE3BAA /* MNPrimaryType.cpp */; };
		BE305C5C1C80F6F200CE3BAA /* MNReferrer.cpp in Sources */ = {isa = PBXBuildFile; fileRef = BE305C421C80F6F200CE3BAA /* MNReferrer.cpp */; };
		BE305C5D1C80F6F200CE3BAA /* MNString.cpp in Sources */ = {isa = PBXBuildFile; fileRef = BE305C451C80F6F200CE3BAA /* MNString.cpp */; };
		BE305C5E1C80F6F200CE3BAA /* MNTable.cpp in Sources */ = {isa = PBXBuildFile; fileRef = BE305C471C80F6F200CE3BAA /* MNTable.cpp */; };
		BE305C5F1C80F6F200CE3BAA /* MNUserData.cpp in Sources */ = {isa = PBXBuildFile; fileRef = BE305C491C80F6F200CE3BAA /* MNUserData.cpp */; };
		BE305C601C80F70000CE3BAA /* MiniEngine.h in CopyFiles */ = {isa = PBXBuildFile; fileRef = BE305C1F1C80F6F200CE3BAA /* MiniEngine.h */; };
/* End PBXBuildFile section */

/* Begin PBXCopyFilesBuildPhase section */
		BE305C0F1C80F6D100CE3BAA /* CopyFiles */ = {
			isa = PBXCopyFilesBuildPhase;
			buildActionMask = 2147483647;
			dstPath = "include/$(PRODUCT_NAME)";
			dstSubfolderSpec = 16;
			files = (
				BE305C601C80F70000CE3BAA /* MiniEngine.h in CopyFiles */,
			);
			runOnlyForDeploymentPostprocessing = 0;
		};
/* End PBXCopyFilesBuildPhase section */

/* Begin PBXFileReference section */
		BE305C111C80F6D100CE3BAA /* libios_mini_engine.a */ = {isa = PBXFileReference; explicitFileType = archive.ar; includeInIndex = 0; path = libios_mini_engine.a; sourceTree = BUILT_PRODUCTS_DIR; };
		BE305C1E1C80F6F200CE3BAA /* MiniEngine.cpp */ = {isa = PBXFileReference; fileEncoding = 4; lastKnownFileType = sourcecode.cpp.cpp; path = MiniEngine.cpp; sourceTree = "<group>"; };
		BE305C1F1C80F6F200CE3BAA /* MiniEngine.h */ = {isa = PBXFileReference; fileEncoding = 4; lastKnownFileType = sourcecode.c.h; path = MiniEngine.h; sourceTree = "<group>"; };
		BE305C201C80F6F200CE3BAA /* MNArray.cpp */ = {isa = PBXFileReference; fileEncoding = 4; lastKnownFileType = sourcecode.cpp.cpp; path = MNArray.cpp; sourceTree = "<group>"; };
		BE305C211C80F6F200CE3BAA /* MNArray.h */ = {isa = PBXFileReference; fileEncoding = 4; lastKnownFileType = sourcecode.c.h; path = MNArray.h; sourceTree = "<group>"; };
		BE305C221C80F6F200CE3BAA /* MNBasicLib.cpp */ = {isa = PBXFileReference; fileEncoding = 4; lastKnownFileType = sourcecode.cpp.cpp; path = MNBasicLib.cpp; sourceTree = "<group>"; };
		BE305C231C80F6F200CE3BAA /* MNBasicLib.h */ = {isa = PBXFileReference; fileEncoding = 4; lastKnownFileType = sourcecode.c.h; path = MNBasicLib.h; sourceTree = "<group>"; };
		BE305C241C80F6F200CE3BAA /* MNClass.cpp */ = {isa = PBXFileReference; fileEncoding = 4; lastKnownFileType = sourcecode.cpp.cpp; path = MNClass.cpp; sourceTree = "<group>"; };
		BE305C251C80F6F200CE3BAA /* MNClass.h */ = {isa = PBXFileReference; fileEncoding = 4; lastKnownFileType = sourcecode.c.h; path = MNClass.h; sourceTree = "<group>"; };
		BE305C261C80F6F200CE3BAA /* MNClassBond.h */ = {isa = PBXFileReference; fileEncoding = 4; lastKnownFileType = sourcecode.c.h; path = MNClassBond.h; sourceTree = "<group>"; };
		BE305C271C80F6F200CE3BAA /* MNClosure.cpp */ = {isa = PBXFileReference; fileEncoding = 4; lastKnownFileType = sourcecode.cpp.cpp; path = MNClosure.cpp; sourceTree = "<group>"; };
		BE305C281C80F6F200CE3BAA /* MNClosure.h */ = {isa = PBXFileReference; fileEncoding = 4; lastKnownFileType = sourcecode.c.h; path = MNClosure.h; sourceTree = "<group>"; };
		BE305C291C80F6F200CE3BAA /* MNCollectable.cpp */ = {isa = PBXFileReference; fileEncoding = 4; lastKnownFileType = sourcecode.cpp.cpp; path = MNCollectable.cpp; sourceTree = "<group>"; };
		BE305C2A1C80F6F200CE3BAA /* MNCollectable.h */ = {isa = PBXFileReference; fileEncoding = 4; lastKnownFileType = sourcecode.c.h; path = MNCollectable.h; sourceTree = "<group>"; };
		BE305C2B1C80F6F200CE3BAA /* MNCommand.cpp */ = {isa = PBXFileReference; fileEncoding = 4; lastKnownFileType = sourcecode.cpp.cpp; path = MNCommand.cpp; sourceTree = "<group>"; };
		BE305C2C1C80F6F200CE3BAA /* MNCommand.h */ = {isa = PBXFileReference; fileEncoding = 4; lastKnownFileType = sourcecode.c.h; path = MNCommand.h; sourceTree = "<group>"; };
		BE305C2D1C80F6F200CE3BAA /* MNCompiler.cpp */ = {isa = PBXFileReference; fileEncoding = 4; lastKnownFileType = sourcecode.cpp.cpp; path = MNCompiler.cpp; sourceTree = "<group>"; };
		BE305C2E1C80F6F200CE3BAA /* MNCompiler.h */ = {isa = PBXFileReference; fileEncoding = 4; lastKnownFileType = sourcecode.c.h; path = MNCompiler.h; sourceTree = "<group>"; };
		BE305C2F1C80F6F200CE3BAA /* MNCountable.cpp */ = {isa = PBXFileReference; fileEncoding = 4; lastKnownFileType = sourcecode.cpp.cpp; path = MNCountable.cpp; sourceTree = "<group>"; };
		BE305C301C80F6F200CE3BAA /* MNCountable.h */ = {isa = PBXFileReference; fileEncoding = 4; lastKnownFileType = sourcecode.c.h; path = MNCountable.h; sourceTree = "<group>"; };
		BE305C311C80F6F200CE3BAA /* MNFiber.cpp */ = {isa = PBXFileReference; fileEncoding = 4; lastKnownFileType = sourcecode.cpp.cpp; path = MNFiber.cpp; sourceTree = "<group>"; };
		BE305C321C80F6F200CE3BAA /* MNFiber.h */ = {isa = PBXFileReference; fileEncoding = 4; lastKnownFileType = sourcecode.c.h; path = MNFiber.h; sourceTree = "<group>"; };
		BE305C331C80F6F200CE3BAA /* MNFunction.cpp */ = {isa = PBXFileReference; fileEncoding = 4; lastKnownFileType = sourcecode.cpp.cpp; path = MNFunction.cpp; sourceTree = "<group>"; };
		BE305C341C80F6F200CE3BAA /* MNFunction.h */ = {isa = PBXFileReference; fileEncoding = 4; lastKnownFileType = sourcecode.c.h; path = MNFunction.h; sourceTree = "<group>"; };
		BE305C351C80F6F200CE3BAA /* MNGlobal.cpp */ = {isa = PBXFileReference; fileEncoding = 4; lastKnownFileType = sourcecode.cpp.cpp; path = MNGlobal.cpp; sourceTree = "<group>"; };
		BE305C361C80F6F200CE3BAA /* MNGlobal.h */ = {isa = PBXFileReference; fileEncoding = 4; lastKnownFileType = sourcecode.c.h; path = MNGlobal.h; sourceTree = "<group>"; };
		BE305C371C80F6F200CE3BAA /* MNInstance.cpp */ = {isa = PBXFileReference; fileEncoding = 4; lastKnownFileType = sourcecode.cpp.cpp; path = MNInstance.cpp; sourceTree = "<group>"; };
		BE305C381C80F6F200CE3BAA /* MNInstance.h */ = {isa = PBXFileReference; fileEncoding = 4; lastKnownFileType = sourcecode.c.h; path = MNInstance.h; sourceTree = "<group>"; };
		BE305C391C80F6F200CE3BAA /* MNLexer.cpp */ = {isa = PBXFileReference; fileEncoding = 4; lastKnownFileType = sourcecode.cpp.cpp; path = MNLexer.cpp; sourceTree = "<group>"; };
		BE305C3A1C80F6F200CE3BAA /* MNLexer.h */ = {isa = PBXFileReference; fileEncoding = 4; lastKnownFileType = sourcecode.c.h; path = MNLexer.h; sourceTree = "<group>"; };
		BE305C3B1C80F6F200CE3BAA /* MNList.h */ = {isa = PBXFileReference; fileEncoding = 4; lastKnownFileType = sourcecode.c.h; path = MNList.h; sourceTree = "<group>"; };
		BE305C3C1C80F6F200CE3BAA /* MNMemory.cpp */ = {isa = PBXFileReference; fileEncoding = 4; lastKnownFileType = sourcecode.cpp.cpp; path = MNMemory.cpp; sourceTree = "<group>"; };
		BE305C3D1C80F6F200CE3BAA /* MNMemory.h */ = {isa = PBXFileReference; fileEncoding = 4; lastKnownFileType = sourcecode.c.h; path = MNMemory.h; sourceTree = "<group>"; };
		BE305C3E1C80F6F200CE3BAA /* MNObject.cpp */ = {isa = PBXFileReference; fileEncoding = 4; lastKnownFileType = sourcecode.cpp.cpp; path = MNObject.cpp; sourceTree = "<group>"; };
		BE305C3F1C80F6F200CE3BAA /* MNObject.h */ = {isa = PBXFileReference; fileEncoding = 4; lastKnownFileType = sourcecode.c.h; path = MNObject.h; sourceTree = "<group>"; };
		BE305C401C80F6F200CE3BAA /* MNPrimaryType.cpp */ = {isa = PBXFileReference; fileEncoding = 4; lastKnownFileType = sourcecode.cpp.cpp; path = MNPrimaryType.cpp; sourceTree = "<group>"; };
		BE305C411C80F6F200CE3BAA /* MNPrimaryType.h */ = {isa = PBXFileReference; fileEncoding = 4; lastKnownFileType = sourcecode.c.h; path = MNPrimaryType.h; sourceTree = "<group>"; };
		BE305C421C80F6F200CE3BAA /* MNReferrer.cpp */ = {isa = PBXFileReference; fileEncoding = 4; lastKnownFileType = sourcecode.cpp.cpp; path = MNReferrer.cpp; sourceTree = "<group>"; };
		BE305C431C80F6F200CE3BAA /* MNReferrer.h */ = {isa = PBXFileReference; fileEncoding = 4; lastKnownFileType = sourcecode.c.h; path = MNReferrer.h; sourceTree = "<group>"; };
		BE305C441C80F6F200CE3BAA /* MNRtti.h */ = {isa = PBXFileReference; fileEncoding = 4; lastKnownFileType = sourcecode.c.h; path = MNRtti.h; sourceTree = "<group>"; };
		BE305C451C80F6F200CE3BAA /* MNString.cpp */ = {isa = PBXFileReference; fileEncoding = 4; lastKnownFileType = sourcecode.cpp.cpp; path = MNString.cpp; sourceTree = "<group>"; };
		BE305C461C80F6F200CE3BAA /* MNString.h */ = {isa = PBXFileReference; fileEncoding = 4; lastKnownFileType = sourcecode.c.h; path = MNString.h; sourceTree = "<group>"; };
		BE305C471C80F6F200CE3BAA /* MNTable.cpp */ = {isa = PBXFileReference; fileEncoding = 4; lastKnownFileType = sourcecode.cpp.cpp; path = MNTable.cpp; sourceTree = "<group>"; };
		BE305C481C80F6F200CE3BAA /* MNTable.h */ = {isa = PBXFileReference; fileEncoding = 4; lastKnownFileType = sourcecode.c.h; path = MNTable.h; sourceTree = "<group>"; };
		BE305C491C80F6F200CE3BAA /* MNUserData.cpp */ = {isa = PBXFileReference; fileEncoding = 4; lastKnownFileType = sourcecode.cpp.cpp; path = MNUserData.cpp; sourceTree = "<group>"; };
		BE305C4A1C80F6F200CE3BAA /* MNUserData.h */ = {isa = PBXFileReference; fileEncoding = 4; lastKnownFileType = sourcecode.c.h; path = MNUserData.h; sourceTree = "<group>"; };
/* End PBXFileReference section */

/* Begin PBXFrameworksBuildPhase section */
		BE305C0E1C80F6D100CE3BAA /* Frameworks */ = {
			isa = PBXFrameworksBuildPhase;
			buildActionMask = 2147483647;
			files = (
			);
			runOnlyForDeploymentPostprocessing = 0;
		};
/* End PBXFrameworksBuildPhase section */

/* Begin PBXGroup section */
		BE305C081C80F6D100CE3BAA = {
			isa = PBXGroup;
			children = (
				BE305C1D1C80F6F200CE3BAA /* core */,
				BE305C131C80F6D100CE3BAA /* ios_mini_engine */,
				BE305C121C80F6D100CE3BAA /* Products */,
			);
			sourceTree = "<group>";
		};
		BE305C121C80F6D100CE3BAA /* Products */ = {
			isa = PBXGroup;
			children = (
				BE305C111C80F6D100CE3BAA /* libios_mini_engine.a */,
			);
			name = Products;
			sourceTree = "<group>";
		};
		BE305C131C80F6D100CE3BAA /* ios_mini_engine */ = {
			isa = PBXGroup;
			children = (
			);
			path = ios_mini_engine;
			sourceTree = "<group>";
		};
		BE305C1D1C80F6F200CE3BAA /* core */ = {
			isa = PBXGroup;
			children = (
				BE305C1E1C80F6F200CE3BAA /* MiniEngine.cpp */,
				BE305C1F1C80F6F200CE3BAA /* MiniEngine.h */,
				BE305C201C80F6F200CE3BAA /* MNArray.cpp */,
				BE305C211C80F6F200CE3BAA /* MNArray.h */,
				BE305C221C80F6F200CE3BAA /* MNBasicLib.cpp */,
				BE305C231C80F6F200CE3BAA /* MNBasicLib.h */,
				BE305C241C80F6F200CE3BAA /* MNClass.cpp */,
				BE305C251C80F6F200CE3BAA /* MNClass.h */,
				BE305C261C80F6F200CE3BAA /* MNClassBond.h */,
				BE305C271C80F6F200CE3BAA /* MNClosure.cpp */,
				BE305C281C80F6F200CE3BAA /* MNClosure.h */,
				BE305C291C80F6F200CE3BAA /* MNCollectable.cpp */,
				BE305C2A1C80F6F200CE3BAA /* MNCollectable.h */,
				BE305C2B1C80F6F200CE3BAA /* MNCommand.cpp */,
				BE305C2C1C80F6F200CE3BAA /* MNCommand.h */,
				BE305C2D1C80F6F200CE3BAA /* MNCompiler.cpp */,
				BE305C2E1C80F6F200CE3BAA /* MNCompiler.h */,
				BE305C2F1C80F6F200CE3BAA /* MNCountable.cpp */,
				BE305C301C80F6F200CE3BAA /* MNCountable.h */,
				BE305C311C80F6F200CE3BAA /* MNFiber.cpp */,
				BE305C321C80F6F200CE3BAA /* MNFiber.h */,
				BE305C331C80F6F200CE3BAA /* MNFunction.cpp */,
				BE305C341C80F6F200CE3BAA /* MNFunction.h */,
				BE305C351C80F6F200CE3BAA /* MNGlobal.cpp */,
				BE305C361C80F6F200CE3BAA /* MNGlobal.h */,
				BE305C371C80F6F200CE3BAA /* MNInstance.cpp */,
				BE305C381C80F6F200CE3BAA /* MNInstance.h */,
				BE305C391C80F6F200CE3BAA /* MNLexer.cpp */,
				BE305C3A1C80F6F200CE3BAA /* MNLexer.h */,
				BE305C3B1C80F6F200CE3BAA /* MNList.h */,
				BE305C3C1C80F6F200CE3BAA /* MNMemory.cpp */,
				BE305C3D1C80F6F200CE3BAA /* MNMemory.h */,
				BE305C3E1C80F6F200CE3BAA /* MNObject.cpp */,
				BE305C3F1C80F6F200CE3BAA /* MNObject.h */,
				BE305C401C80F6F200CE3BAA /* MNPrimaryType.cpp */,
				BE305C411C80F6F200CE3BAA /* MNPrimaryType.h */,
				BE305C421C80F6F200CE3BAA /* MNReferrer.cpp */,
				BE305C431C80F6F200CE3BAA /* MNReferrer.h */,
				BE305C441C80F6F200CE3BAA /* MNRtti.h */,
				BE305C451C80F6F200CE3BAA /* MNString.cpp */,
				BE305C461C80F6F200CE3BAA /* MNString.h */,
				BE305C471C80F6F200CE3BAA /* MNTable.cpp */,
				BE305C481C80F6F200CE3BAA /* MNTable.h */,
				BE305C491C80F6F200CE3BAA /* MNUserData.cpp */,
				BE305C4A1C80F6F200CE3BAA /* MNUserData.h */,
			);
			name = core;
			path = ../../core;
			sourceTree = "<group>";
		};
/* End PBXGroup section */

/* Begin PBXNativeTarget section */
		BE305C101C80F6D100CE3BAA /* ios_mini_engine */ = {
			isa = PBXNativeTarget;
			buildConfigurationList = BE305C1A1C80F6D100CE3BAA /* Build configuration list for PBXNativeTarget "ios_mini_engine" */;
			buildPhases = (
				BE305C0D1C80F6D100CE3BAA /* Sources */,
				BE305C0E1C80F6D100CE3BAA /* Frameworks */,
				BE305C0F1C80F6D100CE3BAA /* CopyFiles */,
			);
			buildRules = (
			);
			dependencies = (
			);
			name = ios_mini_engine;
			productName = ios_mini_engine;
			productReference = BE305C111C80F6D100CE3BAA /* libios_mini_engine.a */;
			productType = "com.apple.product-type.library.static";
		};
/* End PBXNativeTarget section */

/* Begin PBXProject section */
		BE305C091C80F6D100CE3BAA /* Project object */ = {
			isa = PBXProject;
			attributes = {
				LastUpgradeCheck = 0720;
				ORGANIZATIONNAME = hahasasa;
				TargetAttributes = {
					BE305C101C80F6D100CE3BAA = {
						CreatedOnToolsVersion = 7.2.1;
						DevelopmentTeam = 3L9AHJ47T4;
					};
				};
			};
			buildConfigurationList = BE305C0C1C80F6D100CE3BAA /* Build configuration list for PBXProject "ios_mini_engine" */;
			compatibilityVersion = "Xcode 3.2";
			developmentRegion = English;
			hasScannedForEncodings = 0;
			knownRegions = (
				en,
			);
			mainGroup = BE305C081C80F6D100CE3BAA;
			productRefGroup = BE305C121C80F6D100CE3BAA /* Products */;
			projectDirPath = "";
			projectRoot = "";
			targets = (
				BE305C101C80F6D100CE3BAA /* ios_mini_engine */,
			);
		};
/* End PBXProject section */

/* Begin PBXSourcesBuildPhase section */
		BE305C0D1C80F6D100CE3BAA /* Sources */ = {
			isa = PBXSourcesBuildPhase;
			buildActionMask = 2147483647;
			files = (
				BE305C531C80F6F200CE3BAA /* MNCountable.cpp in Sources */,
				BE305C511C80F6F200CE3BAA /* MNCommand.cpp in Sources */,
				BE305C551C80F6F200CE3BAA /* MNFunction.cpp in Sources */,
				BE305C4C1C80F6F200CE3BAA /* MNArray.cpp in Sources */,
				BE305C571C80F6F200CE3BAA /* MNInstance.cpp in Sources */,
				BE305C581C80F6F200CE3BAA /* MNLexer.cpp in Sources */,
				BE305C4E1C80F6F200CE3BAA /* MNClass.cpp in Sources */,
				BE305C5C1C80F6F200CE3BAA /* MNReferrer.cpp in Sources */,
				BE305C591C80F6F200CE3BAA /* MNMemory.cpp in Sources */,
				BE305C5B1C80F6F200CE3BAA /* MNPrimaryType.cpp in Sources */,
				BE305C4F1C80F6F200CE3BAA /* MNClosure.cpp in Sources */,
				BE305C4D1C80F6F200CE3BAA /* MNBasicLib.cpp in Sources */,
				BE305C521C80F6F200CE3BAA /* MNCompiler.cpp in Sources */,
				BE305C541C80F6F200CE3BAA /* MNFiber.cpp in Sources */,
				BE305C561C80F6F200CE3BAA /* MNGlobal.cpp in Sources */,
				BE305C4B1C80F6F200CE3BAA /* MiniEngine.cpp in Sources */,
				BE305C5D1C80F6F200CE3BAA /* MNString.cpp in Sources */,
				BE305C501C80F6F200CE3BAA /* MNCollectable.cpp in Sources */,
				BE305C5A1C80F6F200CE3BAA /* MNObject.cpp in Sources */,
				BE305C5F1C80F6F200CE3BAA /* MNUserData.cpp in Sources */,
				BE305C5E1C80F6F200CE3BAA /* MNTable.cpp in Sources */,
			);
			runOnlyForDeploymentPostprocessing = 0;
		};
/* End PBXSourcesBuildPhase section */

/* Begin XCBuildConfiguration section */
		BE305C181C80F6D100CE3BAA /* Debug */ = {
			isa = XCBuildConfiguration;
			buildSettings = {
				ALWAYS_SEARCH_USER_PATHS = NO;
				CLANG_CXX_LANGUAGE_STANDARD = "gnu++0x";
				CLANG_CXX_LIBRARY = "libstdc++";
				CLANG_ENABLE_MODULES = YES;
				CLANG_ENABLE_OBJC_ARC = YES;
				CLANG_WARN_BOOL_CONVERSION = YES;
				CLANG_WARN_CONSTANT_CONVERSION = YES;
				CLANG_WARN_DIRECT_OBJC_ISA_USAGE = YES_ERROR;
				CLANG_WARN_EMPTY_BODY = YES;
				CLANG_WARN_ENUM_CONVERSION = YES;
				CLANG_WARN_INT_CONVERSION = YES;
				CLANG_WARN_OBJC_ROOT_CLASS = YES_ERROR;
				CLANG_WARN_UNREACHABLE_CODE = YES;
				CLANG_WARN__DUPLICATE_METHOD_MATCH = YES;
				"CODE_SIGN_IDENTITY[sdk=iphoneos*]" = "iPhone Developer";
				COPY_PHASE_STRIP = NO;
				DEBUG_INFORMATION_FORMAT = dwarf;
				ENABLE_STRICT_OBJC_MSGSEND = YES;
				ENABLE_TESTABILITY = YES;
				GCC_C_LANGUAGE_STANDARD = gnu99;
				GCC_DYNAMIC_NO_PIC = NO;
				GCC_NO_COMMON_BLOCKS = YES;
				GCC_OPTIMIZATION_LEVEL = 0;
				GCC_PREPROCESSOR_DEFINITIONS = (
					"DEBUG=1",
					"$(inherited)",
				);
				GCC_WARN_64_TO_32_BIT_CONVERSION = YES;
				GCC_WARN_ABOUT_RETURN_TYPE = YES_ERROR;
				GCC_WARN_UNDECLARED_SELECTOR = YES;
				GCC_WARN_UNINITIALIZED_AUTOS = YES_AGGRESSIVE;
				GCC_WARN_UNUSED_FUNCTION = YES;
				GCC_WARN_UNUSED_VARIABLE = YES;
				IPHONEOS_DEPLOYMENT_TARGET = 9.0;
				MTL_ENABLE_DEBUG_INFO = YES;
				ONLY_ACTIVE_ARCH = YES;
				SDKROOT = iphoneos;
			};
			name = Debug;
		};
		BE305C191C80F6D100CE3BAA /* Release */ = {
			isa = XCBuildConfiguration;
			buildSettings = {
				ALWAYS_SEARCH_USER_PATHS = NO;
				CLANG_CXX_LANGUAGE_STANDARD = "gnu++0x";
				CLANG_CXX_LIBRARY = "libstdc++";
				CLANG_ENABLE_MODULES = YES;
				CLANG_ENABLE_OBJC_ARC = YES;
				CLANG_WARN_BOOL_CONVERSION = YES;
				CLANG_WARN_CONSTANT_CONVERSION = YES;
				CLANG_WARN_DIRECT_OBJC_ISA_USAGE = YES_ERROR;
				CLANG_WARN_EMPTY_BODY = YES;
				CLANG_WARN_ENUM_CONVERSION = YES;
				CLANG_WARN_INT_CONVERSION = YES;
				CLANG_WARN_OBJC_ROOT_CLASS = YES_ERROR;
				CLANG_WARN_UNREACHABLE_CODE = YES;
				CLANG_WARN__DUPLICATE_METHOD_MATCH = YES;
				"CODE_SIGN_IDENTITY[sdk=iphoneos*]" = "iPhone Developer";
				COPY_PHASE_STRIP = NO;
				DEBUG_INFORMATION_FORMAT = "dwarf-with-dsym";
				ENABLE_NS_ASSERTIONS = NO;
				ENABLE_STRICT_OBJC_MSGSEND = YES;
				GCC_C_LANGUAGE_STANDARD = gnu99;
				GCC_NO_COMMON_BLOCKS = YES;
				GCC_WARN_64_TO_32_BIT_CONVERSION = YES;
				GCC_WARN_ABOUT_RETURN_TYPE = YES_ERROR;
				GCC_WARN_UNDECLARED_SELECTOR = YES;
				GCC_WARN_UNINITIALIZED_AUTOS = YES_AGGRESSIVE;
				GCC_WARN_UNUSED_FUNCTION = YES;
				GCC_WARN_UNUSED_VARIABLE = YES;
				IPHONEOS_DEPLOYMENT_TARGET = 9.0;
				MTL_ENABLE_DEBUG_INFO = NO;
				SDKROOT = iphoneos;
				VALIDATE_PRODUCT = YES;
			};
			name = Release;
		};
		BE305C1B1C80F6D100CE3BAA /* Debug */ = {
			isa = XCBuildConfiguration;
			buildSettings = {
				CLANG_CXX_LANGUAGE_STANDARD = "gnu++0x";
				CLANG_CXX_LIBRARY = "libstdc++";
				OTHER_LDFLAGS = "-ObjC";
				PRODUCT_NAME = "$(TARGET_NAME)";
				SKIP_INSTALL = YES;
			};
			name = Debug;
		};
		BE305C1C1C80F6D100CE3BAA /* Release */ = {
			isa = XCBuildConfiguration;
			buildSettings = {
				CLANG_CXX_LANGUAGE_STANDARD = "gnu++0x";
				CLANG_CXX_LIBRARY = "libstdc++";
				OTHER_LDFLAGS = "-ObjC";
				PRODUCT_NAME = "$(TARGET_NAME)";
				SKIP_INSTALL = YES;
			};
			name = Release;
		};
/* End XCBuildConfiguration section */

/* Begin XCConfigurationList section */
		BE305C0C1C80F6D100CE3BAA /* Build configuration list for PBXProject "ios_mini_engine" */ = {
			isa = XCConfigurationList;
			buildConfigurations = (
				BE305C181C80F6D100CE3BAA /* Debug */,
				BE305C191C80F6D100CE3BAA /* Release */,
			);
			defaultConfigurationIsVisible = 0;
			defaultConfigurationName = Release;
		};
		BE305C1A1C80F6D100CE3BAA /* Build configuration list for PBXNativeTarget "ios_mini_engine" */ = {
			isa = XCConfigurationList;
			buildConfigurations = (
				BE305C1B1C80F6D100CE3BAA /* Debug */,
				BE305C1C1C80F6D100CE3BAA /* Release */,
			);
			defaultConfigurationIsVisible = 0;
		};
/* End XCConfigurationList section */
	};
	rootObject = BE305C091C80F6D100CE3BAA /* Project object */;
}
